
Microsoft Visual Studio Solution File, Format Version 12.00
# Visual Studio Version 16
VisualStudioVersion = 16.0.29503.13
MinimumVisualStudioVersion = 10.0.40219.1
Project("{FAE04EC0-301F-11D3-BF4B-00C04F79EFBC}") = "Cliente_PANGEA", "Cliente_PANGEA.csproj", "{BDBCA0A6-E8A6-4791-84C5-25AB9F1525EF}"
EndProject
Global
	GlobalSection(SolutionConfigurationPlatforms) = preSolution
		Debug|Any CPU = Debug|Any CPU
		Release|Any CPU = Release|Any CPU
	EndGlobalSection
	GlobalSection(ProjectConfigurationPlatforms) = postSolution
		{BDBCA0A6-E8A6-4791-84C5-25AB9F1525EF}.Debug|Any CPU.ActiveCfg = Debug|Any CPU
		{BDBCA0A6-E8A6-4791-84C5-25AB9F1525EF}.Debug|Any CPU.Build.0 = Debug|Any CPU
		{BDBCA0A6-E8A6-4791-84C5-25AB9F1525EF}.Release|Any CPU.ActiveCfg = Release|Any CPU
		{BDBCA0A6-E8A6-4791-84C5-25AB9F1525EF}.Release|Any CPU.Build.0 = Release|Any CPU
	EndGlobalSection
	GlobalSection(SolutionProperties) = preSolution
		HideSolutionNode = FALSE
	EndGlobalSection
	GlobalSection(ExtensibilityGlobals) = postSolution
		SolutionGuid = {53444D16-F76D-4A8D-A148-745A82700394}
	EndGlobalSection
EndGlobal
